// !$*UTF8*$!
{
	archiveVersion = 1;
	classes = {
	};
	objectVersion = 51;
	objects = {

/* Begin PBXBuildFile section */
		431E86AC248F57C300E3BBB3 /* AppDelegate.swift in Sources */ = {isa = PBXBuildFile; fileRef = 431E86AB248F57C300E3BBB3 /* AppDelegate.swift */; };
		431E86AE248F57C300E3BBB3 /* SceneDelegate.swift in Sources */ = {isa = PBXBuildFile; fileRef = 431E86AD248F57C300E3BBB3 /* SceneDelegate.swift */; };
		431E86B0248F57C300E3BBB3 /* ViewController.swift in Sources */ = {isa = PBXBuildFile; fileRef = 431E86AF248F57C300E3BBB3 /* ViewController.swift */; };
		431E86B3248F57C300E3BBB3 /* Main.storyboard in Resources */ = {isa = PBXBuildFile; fileRef = 431E86B1248F57C300E3BBB3 /* Main.storyboard */; };
		431E86B5248F57C800E3BBB3 /* Assets.xcassets in Resources */ = {isa = PBXBuildFile; fileRef = 431E86B4248F57C800E3BBB3 /* Assets.xcassets */; };
		431E86B8248F57C800E3BBB3 /* LaunchScreen.storyboard in Resources */ = {isa = PBXBuildFile; fileRef = 431E86B6248F57C800E3BBB3 /* LaunchScreen.storyboard */; };
		431E86C024908DBD00E3BBB3 /* Api.swift in Sources */ = {isa = PBXBuildFile; fileRef = 431E86BF24908DBD00E3BBB3 /* Api.swift */; };
		431E86C22490977C00E3BBB3 /* MoviesTableViewCell.swift in Sources */ = {isa = PBXBuildFile; fileRef = 431E86C12490977C00E3BBB3 /* MoviesTableViewCell.swift */; };
		43BBB43C249D12410024F449 /* DetailViewController.swift in Sources */ = {isa = PBXBuildFile; fileRef = 43BBB43B249D12410024F449 /* DetailViewController.swift */; };
		43BBB440249D783C0024F449 /* MoviesCollectionViewCell.swift in Sources */ = {isa = PBXBuildFile; fileRef = 43BBB43F249D783C0024F449 /* MoviesCollectionViewCell.swift */; };
		802D4EA3CC91010C430E3BDC /* Pods_Flix.framework in Frameworks */ = {isa = PBXBuildFile; fileRef = A813D64678A860A0800FDE55 /* Pods_Flix.framework */; };
/* End PBXBuildFile section */

/* Begin PBXFileReference section */
		431E86A8248F57C300E3BBB3 /* Flix.app */ = {isa = PBXFileReference; explicitFileType = wrapper.application; includeInIndex = 0; path = Flix.app; sourceTree = BUILT_PRODUCTS_DIR; };
		431E86AB248F57C300E3BBB3 /* AppDelegate.swift */ = {isa = PBXFileReference; lastKnownFileType = sourcecode.swift; path = AppDelegate.swift; sourceTree = "<group>"; };
		431E86AD248F57C300E3BBB3 /* SceneDelegate.swift */ = {isa = PBXFileReference; lastKnownFileType = sourcecode.swift; path = SceneDelegate.swift; sourceTree = "<group>"; };
		431E86AF248F57C300E3BBB3 /* ViewController.swift */ = {isa = PBXFileReference; lastKnownFileType = sourcecode.swift; path = ViewController.swift; sourceTree = "<group>"; };
		431E86B2248F57C300E3BBB3 /* Base */ = {isa = PBXFileReference; lastKnownFileType = file.storyboard; name = Base; path = Base.lproj/Main.storyboard; sourceTree = "<group>"; };
		431E86B4248F57C800E3BBB3 /* Assets.xcassets */ = {isa = PBXFileReference; lastKnownFileType = folder.assetcatalog; path = Assets.xcassets; sourceTree = "<group>"; };
		431E86B7248F57C800E3BBB3 /* Base */ = {isa = PBXFileReference; lastKnownFileType = file.storyboard; name = Base; path = Base.lproj/LaunchScreen.storyboard; sourceTree = "<group>"; };
		431E86B9248F57C800E3BBB3 /* Info.plist */ = {isa = PBXFileReference; lastKnownFileType = text.plist.xml; path = Info.plist; sourceTree = "<group>"; };
		431E86BF24908DBD00E3BBB3 /* Api.swift */ = {isa = PBXFileReference; lastKnownFileType = sourcecode.swift; path = Api.swift; sourceTree = "<group>"; };
		431E86C12490977C00E3BBB3 /* MoviesTableViewCell.swift */ = {isa = PBXFileReference; lastKnownFileType = sourcecode.swift; path = MoviesTableViewCell.swift; sourceTree = "<group>"; };
		43BBB43B249D12410024F449 /* DetailViewController.swift */ = {isa = PBXFileReference; lastKnownFileType = sourcecode.swift; path = DetailViewController.swift; sourceTree = "<group>"; };
		43BBB43F249D783C0024F449 /* MoviesCollectionViewCell.swift */ = {isa = PBXFileReference; lastKnownFileType = sourcecode.swift; path = MoviesCollectionViewCell.swift; sourceTree = "<group>"; };
		A813D64678A860A0800FDE55 /* Pods_Flix.framework */ = {isa = PBXFileReference; explicitFileType = wrapper.framework; includeInIndex = 0; path = Pods_Flix.framework; sourceTree = BUILT_PRODUCTS_DIR; };
		D47E9010B76D42EE814D2997 /* Pods-Flix.release.xcconfig */ = {isa = PBXFileReference; includeInIndex = 1; lastKnownFileType = text.xcconfig; name = "Pods-Flix.release.xcconfig"; path = "Target Support Files/Pods-Flix/Pods-Flix.release.xcconfig"; sourceTree = "<group>"; };
		FF503CA7E9EEC901B27D5D63 /* Pods-Flix.debug.xcconfig */ = {isa = PBXFileReference; includeInIndex = 1; lastKnownFileType = text.xcconfig; name = "Pods-Flix.debug.xcconfig"; path = "Target Support Files/Pods-Flix/Pods-Flix.debug.xcconfig"; sourceTree = "<group>"; };
/* End PBXFileReference section */

/* Begin PBXFrameworksBuildPhase section */
		431E86A5248F57C300E3BBB3 /* Frameworks */ = {
			isa = PBXFrameworksBuildPhase;
			buildActionMask = 2147483647;
			files = (
				802D4EA3CC91010C430E3BDC /* Pods_Flix.framework in Frameworks */,
			);
			runOnlyForDeploymentPostprocessing = 0;
		};
/* End PBXFrameworksBuildPhase section */

/* Begin PBXGroup section */
		431E869F248F57C300E3BBB3 = {
			isa = PBXGroup;
			children = (
				431E86AA248F57C300E3BBB3 /* Flix */,
				431E86A9248F57C300E3BBB3 /* Products */,
				D22ED714D21EF807A8BF8730 /* Pods */,
				703A73C5B01193A37904B762 /* Frameworks */,
			);
			sourceTree = "<group>";
		};
		431E86A9248F57C300E3BBB3 /* Products */ = {
			isa = PBXGroup;
			children = (
				431E86A8248F57C300E3BBB3 /* Flix.app */,
			);
			name = Products;
			sourceTree = "<group>";
		};
		431E86AA248F57C300E3BBB3 /* Flix */ = {
			isa = PBXGroup;
			children = (
				431E86AB248F57C300E3BBB3 /* AppDelegate.swift */,
				431E86AD248F57C300E3BBB3 /* SceneDelegate.swift */,
				431E86AF248F57C300E3BBB3 /* ViewController.swift */,
				43BBB43F249D783C0024F449 /* MoviesCollectionViewCell.swift */,
				43BBB43B249D12410024F449 /* DetailViewController.swift */,
				431E86BF24908DBD00E3BBB3 /* Api.swift */,
				431E86C12490977C00E3BBB3 /* MoviesTableViewCell.swift */,
				431E86B1248F57C300E3BBB3 /* Main.storyboard */,
				431E86B4248F57C800E3BBB3 /* Assets.xcassets */,
				431E86B6248F57C800E3BBB3 /* LaunchScreen.storyboard */,
				431E86B9248F57C800E3BBB3 /* Info.plist */,
			);
			path = Flix;
			sourceTree = "<group>";
		};
		703A73C5B01193A37904B762 /* Frameworks */ = {
			isa = PBXGroup;
			children = (
				A813D64678A860A0800FDE55 /* Pods_Flix.framework */,
			);
			name = Frameworks;
			sourceTree = "<group>";
		};
		D22ED714D21EF807A8BF8730 /* Pods */ = {
			isa = PBXGroup;
			children = (
				FF503CA7E9EEC901B27D5D63 /* Pods-Flix.debug.xcconfig */,
				D47E9010B76D42EE814D2997 /* Pods-Flix.release.xcconfig */,
			);
			path = Pods;
			sourceTree = "<group>";
		};
/* End PBXGroup section */

/* Begin PBXNativeTarget section */
		431E86A7248F57C300E3BBB3 /* Flix */ = {
			isa = PBXNativeTarget;
			buildConfigurationList = 431E86BC248F57C800E3BBB3 /* Build configuration list for PBXNativeTarget "Flix" */;
			buildPhases = (
				94805268473BA8B6FE9C214D /* [CP] Check Pods Manifest.lock */,
				431E86A4248F57C300E3BBB3 /* Sources */,
				431E86A5248F57C300E3BBB3 /* Frameworks */,
				431E86A6248F57C300E3BBB3 /* Resources */,
				0DA8AA260F2902CA689C0057 /* [CP] Embed Pods Frameworks */,
			);
			buildRules = (
			);
			dependencies = (
			);
			name = Flix;
			productName = Flix;
			productReference = 431E86A8248F57C300E3BBB3 /* Flix.app */;
			productType = "com.apple.product-type.application";
		};
/* End PBXNativeTarget section */

/* Begin PBXProject section */
		431E86A0248F57C300E3BBB3 /* Project object */ = {
			isa = PBXProject;
			attributes = {
				LastSwiftUpdateCheck = 1140;
				LastUpgradeCheck = 1140;
				ORGANIZATIONNAME = "Ebuka Egbunam";
				TargetAttributes = {
					431E86A7248F57C300E3BBB3 = {
						CreatedOnToolsVersion = 11.4.1;
					};
				};
			};
			buildConfigurationList = 431E86A3248F57C300E3BBB3 /* Build configuration list for PBXProject "Flix" */;
			compatibilityVersion = "Xcode 9.3";
			developmentRegion = en;
			hasScannedForEncodings = 0;
			knownRegions = (
				en,
				Base,
			);
			mainGroup = 431E869F248F57C300E3BBB3;
			productRefGroup = 431E86A9248F57C300E3BBB3 /* Products */;
			projectDirPath = "";
			projectRoot = "";
			targets = (
				431E86A7248F57C300E3BBB3 /* Flix */,
			);
		};
/* End PBXProject section */

/* Begin PBXResourcesBuildPhase section */
		431E86A6248F57C300E3BBB3 /* Resources */ = {
			isa = PBXResourcesBuildPhase;
			buildActionMask = 2147483647;
			files = (
				431E86B8248F57C800E3BBB3 /* LaunchScreen.storyboard in Resources */,
				431E86B5248F57C800E3BBB3 /* Assets.xcassets in Resources */,
				431E86B3248F57C300E3BBB3 /* Main.storyboard in Resources */,
			);
			runOnlyForDeploymentPostprocessing = 0;
		};
/* End PBXResourcesBuildPhase section */

/* Begin PBXShellScriptBuildPhase section */
		0DA8AA260F2902CA689C0057 /* [CP] Embed Pods Frameworks */ = {
			isa = PBXShellScriptBuildPhase;
			buildActionMask = 2147483647;
			files = (
			);
			inputFileListPaths = (
				"${PODS_ROOT}/Target Support Files/Pods-Flix/Pods-Flix-frameworks-${CONFIGURATION}-input-files.xcfilelist",
			);
			name = "[CP] Embed Pods Frameworks";
			outputFileListPaths = (
				"${PODS_ROOT}/Target Support Files/Pods-Flix/Pods-Flix-frameworks-${CONFIGURATION}-output-files.xcfilelist",
			);
			runOnlyForDeploymentPostprocessing = 0;
			shellPath = /bin/sh;
			shellScript = "\"${PODS_ROOT}/Target Support Files/Pods-Flix/Pods-Flix-frameworks.sh\"\n";
			showEnvVarsInLog = 0;
		};
		94805268473BA8B6FE9C214D /* [CP] Check Pods Manifest.lock */ = {
			isa = PBXShellScriptBuildPhase;
			buildActionMask = 2147483647;
			files = (
			);
			inputFileListPaths = (
			);
			inputPaths = (
				"${PODS_PODFILE_DIR_PATH}/Podfile.lock",
				"${PODS_ROOT}/Manifest.lock",
			);
			name = "[CP] Check Pods Manifest.lock";
			outputFileListPaths = (
			);
			outputPaths = (
				"$(DERIVED_FILE_DIR)/Pods-Flix-checkManifestLockResult.txt",
			);
			runOnlyForDeploymentPostprocessing = 0;
			shellPath = /bin/sh;
			shellScript = "diff \"${PODS_PODFILE_DIR_PATH}/Podfile.lock\" \"${PODS_ROOT}/Manifest.lock\" > /dev/null\nif [ $? != 0 ] ; then\n    # print error to STDERR\n    echo \"error: The sandbox is not in sync with the Podfile.lock. Run 'pod install' or update your CocoaPods installation.\" >&2\n    exit 1\nfi\n# This output is used by Xcode 'outputs' to avoid re-running this script phase.\necho \"SUCCESS\" > \"${SCRIPT_OUTPUT_FILE_0}\"\n";
			showEnvVarsInLog = 0;
		};
/* End PBXShellScriptBuildPhase section */

/* Begin PBXSourcesBuildPhase section */
		431E86A4248F57C300E3BBB3 /* Sources */ = {
			isa = PBXSourcesBuildPhase;
			buildActionMask = 2147483647;
			files = (
				431E86B0248F57C300E3BBB3 /* ViewController.swift in Sources */,
				431E86AC248F57C300E3BBB3 /* AppDelegate.swift in Sources */,
				431E86C22490977C00E3BBB3 /* MoviesTableViewCell.swift in Sources */,
				43BBB43C249D12410024F449 /* DetailViewController.swift in Sources */,
				431E86C024908DBD00E3BBB3 /* Api.swift in Sources */,
				431E86AE248F57C300E3BBB3 /* SceneDelegate.swift in Sources */,
				43BBB440249D783C0024F449 /* MoviesCollectionViewCell.swift in Sources */,
			);
			runOnlyForDeploymentPostprocessing = 0;
		};
/* End PBXSourcesBuildPhase section */

/* Begin PBXVariantGroup section */
		431E86B1248F57C300E3BBB3 /* Main.storyboard */ = {
			isa = PBXVariantGroup;
			children = (
				431E86B2248F57C300E3BBB3 /* Base */,
			);
			name = Main.storyboard;
			sourceTree = "<group>";
		};
		431E86B6248F57C800E3BBB3 /* LaunchScreen.storyboard */ = {
			isa = PBXVariantGroup;
			children = (
				431E86B7248F57C800E3BBB3 /* Base */,
			);
			name = LaunchScreen.storyboard;
			sourceTree = "<group>";
		};
/* End PBXVariantGroup section */

/* Begin XCBuildConfiguration section */
		431E86BA248F57C800E3BBB3 /* Debug */ = {
			isa = XCBuildConfiguration;
			buildSettings = {
				ALWAYS_SEARCH_USER_PATHS = NO;
				CLANG_ANALYZER_NONNULL = YES;
				CLANG_ANALYZER_NUMBER_OBJECT_CONVERSION = YES_AGGRESSIVE;
				CLANG_CXX_LANGUAGE_STANDARD = "gnu++14";
				CLANG_CXX_LIBRARY = "libc++";
				CLANG_ENABLE_MODULES = YES;
				CLANG_ENABLE_OBJC_ARC = YES;
				CLANG_ENABLE_OBJC_WEAK = YES;
				CLANG_WARN_BLOCK_CAPTURE_AUTORELEASING = YES;
				CLANG_WARN_BOOL_CONVERSION = YES;
				CLANG_WARN_COMMA = YES;
				CLANG_WARN_CONSTANT_CONVERSION = YES;
				CLANG_WARN_DEPRECATED_OBJC_IMPLEMENTATIONS = YES;
				CLANG_WARN_DIRECT_OBJC_ISA_USAGE = YES_ERROR;
				CLANG_WARN_DOCUMENTATION_COMMENTS = YES;
				CLANG_WARN_EMPTY_BODY = YES;
				CLANG_WARN_ENUM_CONVERSION = YES;
				CLANG_WARN_INFINITE_RECURSION = YES;
				CLANG_WARN_INT_CONVERSION = YES;
				CLANG_WARN_NON_LITERAL_NULL_CONVERSION = YES;
				CLANG_WARN_OBJC_IMPLICIT_RETAIN_SELF = YES;
				CLANG_WARN_OBJC_LITERAL_CONVERSION = YES;
				CLANG_WARN_OBJC_ROOT_CLASS = YES_ERROR;
				CLANG_WARN_RANGE_LOOP_ANALYSIS = YES;
				CLANG_WARN_STRICT_PROTOTYPES = YES;
				CLANG_WARN_SUSPICIOUS_MOVE = YES;
				CLANG_WARN_UNGUARDED_AVAILABILITY = YES_AGGRESSIVE;
				CLANG_WARN_UNREACHABLE_CODE = YES;
				CLANG_WARN__DUPLICATE_METHOD_MATCH = YES;
				COPY_PHASE_STRIP = NO;
				DEBUG_INFORMATION_FORMAT = dwarf;
				ENABLE_STRICT_OBJC_MSGSEND = YES;
				ENABLE_TESTABILITY = YES;
				GCC_C_LANGUAGE_STANDARD = gnu11;
				GCC_DYNAMIC_NO_PIC = NO;
				GCC_NO_COMMON_BLOCKS = YES;
				GCC_OPTIMIZATION_LEVEL = 0;
				GCC_PREPROCESSOR_DEFINITIONS = (
					"DEBUG=1",
					"$(inherited)",
				);
				GCC_WARN_64_TO_32_BIT_CONVERSION = YES;
				GCC_WARN_ABOUT_RETURN_TYPE = YES_ERROR;
				GCC_WARN_UNDECLARED_SELECTOR = YES;
				GCC_WARN_UNINITIALIZED_AUTOS = YES_AGGRESSIVE;
				GCC_WARN_UNUSED_FUNCTION = YES;
				GCC_WARN_UNUSED_VARIABLE = YES;
				IPHONEOS_DEPLOYMENT_TARGET = 13.4;
				MTL_ENABLE_DEBUG_INFO = INCLUDE_SOURCE;
				MTL_FAST_MATH = YES;
				ONLY_ACTIVE_ARCH = YES;
				SDKROOT = iphoneos;
				SWIFT_ACTIVE_COMPILATION_CONDITIONS = DEBUG;
				SWIFT_OPTIMIZATION_LEVEL = "-Onone";
			};
			name = Debug;
		};
		431E86BB248F57C800E3BBB3 /* Release */ = {
			isa = XCBuildConfiguration;
			buildSettings = {
				ALWAYS_SEARCH_USER_PATHS = NO;
				CLANG_ANALYZER_NONNULL = YES;
				CLANG_ANALYZER_NUMBER_OBJECT_CONVERSION = YES_AGGRESSIVE;
				CLANG_CXX_LANGUAGE_STANDARD = "gnu++14";
				CLANG_CXX_LIBRARY = "libc++";
				CLANG_ENABLE_MODULES = YES;
				CLANG_ENABLE_OBJC_ARC = YES;
				CLANG_ENABLE_OBJC_WEAK = YES;
				CLANG_WARN_BLOCK_CAPTURE_AUTORELEASING = YES;
				CLANG_WARN_BOOL_CONVERSION = YES;
				CLANG_WARN_COMMA = YES;
				CLANG_WARN_CONSTANT_CONVERSION = YES;
				CLANG_WARN_DEPRECATED_OBJC_IMPLEMENTATIONS = YES;
				CLANG_WARN_DIRECT_OBJC_ISA_USAGE = YES_ERROR;
				CLANG_WARN_DOCUMENTATION_COMMENTS = YES;
				CLANG_WARN_EMPTY_BODY = YES;
				CLANG_WARN_ENUM_CONVERSION = YES;
				CLANG_WARN_INFINITE_RECURSION = YES;
				CLANG_WARN_INT_CONVERSION = YES;
				CLANG_WARN_NON_LITERAL_NULL_CONVERSION = YES;
				CLANG_WARN_OBJC_IMPLICIT_RETAIN_SELF = YES;
				CLANG_WARN_OBJC_LITERAL_CONVERSION = YES;
				CLANG_WARN_OBJC_ROOT_CLASS = YES_ERROR;
				CLANG_WARN_RANGE_LOOP_ANALYSIS = YES;
				CLANG_WARN_STRICT_PROTOTYPES = YES;
				CLANG_WARN_SUSPICIOUS_MOVE = YES;
				CLANG_WARN_UNGUARDED_AVAILABILITY = YES_AGGRESSIVE;
				CLANG_WARN_UNREACHABLE_CODE = YES;
				CLANG_WARN__DUPLICATE_METHOD_MATCH = YES;
				COPY_PHASE_STRIP = NO;
				DEBUG_INFORMATION_FORMAT = "dwarf-with-dsym";
				ENABLE_NS_ASSERTIONS = NO;
				ENABLE_STRICT_OBJC_MSGSEND = YES;
				GCC_C_LANGUAGE_STANDARD = gnu11;
				GCC_NO_COMMON_BLOCKS = YES;
				GCC_WARN_64_TO_32_BIT_CONVERSION = YES;
				GCC_WARN_ABOUT_RETURN_TYPE = YES_ERROR;
				GCC_WARN_UNDECLARED_SELECTOR = YES;
				GCC_WARN_UNINITIALIZED_AUTOS = YES_AGGRESSIVE;
				GCC_WARN_UNUSED_FUNCTION = YES;
				GCC_WARN_UNUSED_VARIABLE = YES;
				IPHONEOS_DEPLOYMENT_TARGET = 13.4;
				MTL_ENABLE_DEBUG_INFO = NO;
				MTL_FAST_MATH = YES;
				SDKROOT = iphoneos;
				SWIFT_COMPILATION_MODE = wholemodule;
				SWIFT_OPTIMIZATION_LEVEL = "-O";
				VALIDATE_PRODUCT = YES;
			};
			name = Release;
		};
		431E86BD248F57C800E3BBB3 /* Debug */ = {
			isa = XCBuildConfiguration;
			baseConfigurationReference = FF503CA7E9EEC901B27D5D63 /* Pods-Flix.debug.xcconfig */;
			buildSettings = {
				ASSETCATALOG_COMPILER_APPICON_NAME = AppIcon;
				CODE_SIGN_STYLE = Automatic;
				DEVELOPMENT_TEAM = 63XVB98W2T;
				INFOPLIST_FILE = Flix/Info.plist;
				LD_RUNPATH_SEARCH_PATHS = (
					"$(inherited)",
					"@executable_path/Frameworks",
				);
				PRODUCT_BUNDLE_IDENTIFIER = com.ebukaegbunam.Flix;
				PRODUCT_NAME = "$(TARGET_NAME)";
				SWIFT_VERSION = 5.0;
				TARGETED_DEVICE_FAMILY = "1,2";
			};
			name = Debug;
		};
		431E86BE248F57C800E3BBB3 /* Release */ = {
			isa = XCBuildConfiguration;
			baseConfigurationReference = D47E9010B76D42EE814D2997 /* Pods-Flix.release.xcconfig */;
			buildSettings = {
				ASSETCATALOG_COMPILER_APPICON_NAME = AppIcon;
				CODE_SIGN_STYLE = Automatic;
				DEVELOPMENT_TEAM = 63XVB98W2T;
				INFOPLIST_FILE = Flix/Info.plist;
				LD_RUNPATH_SEARCH_PATHS = (
					"$(inherited)",
					"@executable_path/Frameworks",
				);
				PRODUCT_BUNDLE_IDENTIFIER = com.ebukaegbunam.Flix;
				PRODUCT_NAME = "$(TARGET_NAME)";
				SWIFT_VERSION = 5.0;
				TARGETED_DEVICE_FAMILY = "1,2";
			};
			name = Release;
		};
/* End XCBuildConfiguration section */

/* Begin XCConfigurationList section */
		431E86A3248F57C300E3BBB3 /* Build configuration list for PBXProject "Flix" */ = {
			isa = XCConfigurationList;
			buildConfigurations = (
				431E86BA248F57C800E3BBB3 /* Debug */,
				431E86BB248F57C800E3BBB3 /* Release */,
			);
			defaultConfigurationIsVisible = 0;
			defaultConfigurationName = Release;
		};
		431E86BC248F57C800E3BBB3 /* Build configuration list for PBXNativeTarget "Flix" */ = {
			isa = XCConfigurationList;
			buildConfigurations = (
				431E86BD248F57C800E3BBB3 /* Debug */,
				431E86BE248F57C800E3BBB3 /* Release */,
			);
			defaultConfigurationIsVisible = 0;
			defaultConfigurationName = Release;
		};
/* End XCConfigurationList section */
	};
	rootObject = 431E86A0248F57C300E3BBB3 /* Project object */;
}
